// !$*UTF8*$!
{
	archiveVersion = 1;
	classes = {
	};
	objectVersion = 55;
	objects = {

/* Begin PBXBuildFile section */
		43A84C47279A972D00EDBAC6 /* AppDelegate.swift in Sources */ = {isa = PBXBuildFile; fileRef = 43A84C46279A972D00EDBAC6 /* AppDelegate.swift */; };
		43A84C49279A972D00EDBAC6 /* SceneDelegate.swift in Sources */ = {isa = PBXBuildFile; fileRef = 43A84C48279A972D00EDBAC6 /* SceneDelegate.swift */; };
		43A84C4B279A972D00EDBAC6 /* ViewController.swift in Sources */ = {isa = PBXBuildFile; fileRef = 43A84C4A279A972D00EDBAC6 /* ViewController.swift */; };
		43A84C4E279A972D00EDBAC6 /* Main.storyboard in Resources */ = {isa = PBXBuildFile; fileRef = 43A84C4C279A972D00EDBAC6 /* Main.storyboard */; };
		43A84C50279A972F00EDBAC6 /* Assets.xcassets in Resources */ = {isa = PBXBuildFile; fileRef = 43A84C4F279A972F00EDBAC6 /* Assets.xcassets */; };
		43A84C53279A972F00EDBAC6 /* LaunchScreen.storyboard in Resources */ = {isa = PBXBuildFile; fileRef = 43A84C51279A972F00EDBAC6 /* LaunchScreen.storyboard */; };
		43A84C5B279A982100EDBAC6 /* ContactListViewController.swift in Sources */ = {isa = PBXBuildFile; fileRef = 43A84C5A279A982100EDBAC6 /* ContactListViewController.swift */; };
		43A84C5D279AA1AB00EDBAC6 /* Person.swift in Sources */ = {isa = PBXBuildFile; fileRef = 43A84C5C279AA1AB00EDBAC6 /* Person.swift */; };
		43A84C5F279AA1CC00EDBAC6 /* DataManager.swift in Sources */ = {isa = PBXBuildFile; fileRef = 43A84C5E279AA1CC00EDBAC6 /* DataManager.swift */; };
		43A84C66279B22C100EDBAC6 /* ContactDetailViewController.swift in Sources */ = {isa = PBXBuildFile; fileRef = 43A84C65279B22C100EDBAC6 /* ContactDetailViewController.swift */; };
/* End PBXBuildFile section */

/* Begin PBXFileReference section */
		43A84C43279A972D00EDBAC6 /* HomeWorkLesson2.7.app */ = {isa = PBXFileReference; explicitFileType = wrapper.application; includeInIndex = 0; path = HomeWorkLesson2.7.app; sourceTree = BUILT_PRODUCTS_DIR; };
		43A84C46279A972D00EDBAC6 /* AppDelegate.swift */ = {isa = PBXFileReference; lastKnownFileType = sourcecode.swift; path = AppDelegate.swift; sourceTree = "<group>"; };
		43A84C48279A972D00EDBAC6 /* SceneDelegate.swift */ = {isa = PBXFileReference; lastKnownFileType = sourcecode.swift; path = SceneDelegate.swift; sourceTree = "<group>"; };
		43A84C4A279A972D00EDBAC6 /* ViewController.swift */ = {isa = PBXFileReference; lastKnownFileType = sourcecode.swift; path = ViewController.swift; sourceTree = "<group>"; };
		43A84C4D279A972D00EDBAC6 /* Base */ = {isa = PBXFileReference; lastKnownFileType = file.storyboard; name = Base; path = Base.lproj/Main.storyboard; sourceTree = "<group>"; };
		43A84C4F279A972F00EDBAC6 /* Assets.xcassets */ = {isa = PBXFileReference; lastKnownFileType = folder.assetcatalog; path = Assets.xcassets; sourceTree = "<group>"; };
		43A84C52279A972F00EDBAC6 /* Base */ = {isa = PBXFileReference; lastKnownFileType = file.storyboard; name = Base; path = Base.lproj/LaunchScreen.storyboard; sourceTree = "<group>"; };
		43A84C54279A972F00EDBAC6 /* Info.plist */ = {isa = PBXFileReference; lastKnownFileType = text.plist.xml; path = Info.plist; sourceTree = "<group>"; };
		43A84C5A279A982100EDBAC6 /* ContactListViewController.swift */ = {isa = PBXFileReference; lastKnownFileType = sourcecode.swift; path = ContactListViewController.swift; sourceTree = "<group>"; };
		43A84C5C279AA1AB00EDBAC6 /* Person.swift */ = {isa = PBXFileReference; lastKnownFileType = sourcecode.swift; path = Person.swift; sourceTree = "<group>"; };
		43A84C5E279AA1CC00EDBAC6 /* DataManager.swift */ = {isa = PBXFileReference; lastKnownFileType = sourcecode.swift; path = DataManager.swift; sourceTree = "<group>"; };
		43A84C65279B22C100EDBAC6 /* ContactDetailViewController.swift */ = {isa = PBXFileReference; lastKnownFileType = sourcecode.swift; path = ContactDetailViewController.swift; sourceTree = "<group>"; };
/* End PBXFileReference section */

/* Begin PBXFrameworksBuildPhase section */
		43A84C40279A972C00EDBAC6 /* Frameworks */ = {
			isa = PBXFrameworksBuildPhase;
			buildActionMask = 2147483647;
			files = (
			);
			runOnlyForDeploymentPostprocessing = 0;
		};
/* End PBXFrameworksBuildPhase section */

/* Begin PBXGroup section */
		43A84C3A279A972C00EDBAC6 = {
			isa = PBXGroup;
			children = (
				43A84C45279A972D00EDBAC6 /* HomeWorkLesson2.7 */,
				43A84C44279A972D00EDBAC6 /* Products */,
			);
			sourceTree = "<group>";
		};
		43A84C44279A972D00EDBAC6 /* Products */ = {
			isa = PBXGroup;
			children = (
				43A84C43279A972D00EDBAC6 /* HomeWorkLesson2.7.app */,
			);
			name = Products;
			sourceTree = "<group>";
		};
		43A84C45279A972D00EDBAC6 /* HomeWorkLesson2.7 */ = {
			isa = PBXGroup;
			children = (
				43A84C61279B1B3600EDBAC6 /* App */,
				43A84C64279B1BA500EDBAC6 /* ViewControllers */,
				43A84C63279B1B8300EDBAC6 /* Models */,
				43A84C62279B1B6D00EDBAC6 /* StoryBoards */,
				43A84C60279B1B1900EDBAC6 /* Resources */,
			);
			path = HomeWorkLesson2.7;
			sourceTree = "<group>";
		};
		43A84C60279B1B1900EDBAC6 /* Resources */ = {
			isa = PBXGroup;
			children = (
				43A84C4F279A972F00EDBAC6 /* Assets.xcassets */,
			);
			path = Resources;
			sourceTree = "<group>";
		};
		43A84C61279B1B3600EDBAC6 /* App */ = {
			isa = PBXGroup;
			children = (
				43A84C46279A972D00EDBAC6 /* AppDelegate.swift */,
				43A84C54279A972F00EDBAC6 /* Info.plist */,
			);
			path = App;
			sourceTree = "<group>";
		};
		43A84C62279B1B6D00EDBAC6 /* StoryBoards */ = {
			isa = PBXGroup;
			children = (
				43A84C4C279A972D00EDBAC6 /* Main.storyboard */,
				43A84C51279A972F00EDBAC6 /* LaunchScreen.storyboard */,
			);
			path = StoryBoards;
			sourceTree = "<group>";
		};
		43A84C63279B1B8300EDBAC6 /* Models */ = {
			isa = PBXGroup;
			children = (
				43A84C5C279AA1AB00EDBAC6 /* Person.swift */,
				43A84C5E279AA1CC00EDBAC6 /* DataManager.swift */,
			);
			path = Models;
			sourceTree = "<group>";
		};
		43A84C64279B1BA500EDBAC6 /* ViewControllers */ = {
			isa = PBXGroup;
			children = (
				43A84C48279A972D00EDBAC6 /* SceneDelegate.swift */,
				43A84C4A279A972D00EDBAC6 /* ViewController.swift */,
				43A84C65279B22C100EDBAC6 /* ContactDetailViewController.swift */,
				43A84C5A279A982100EDBAC6 /* ContactListViewController.swift */,
			);
			path = ViewControllers;
			sourceTree = "<group>";
		};
/* End PBXGroup section */

/* Begin PBXNativeTarget section */
		43A84C42279A972C00EDBAC6 /* HomeWorkLesson2.7 */ = {
			isa = PBXNativeTarget;
			buildConfigurationList = 43A84C57279A972F00EDBAC6 /* Build configuration list for PBXNativeTarget "HomeWorkLesson2.7" */;
			buildPhases = (
				43A84C3F279A972C00EDBAC6 /* Sources */,
				43A84C40279A972C00EDBAC6 /* Frameworks */,
				43A84C41279A972C00EDBAC6 /* Resources */,
			);
			buildRules = (
			);
			dependencies = (
			);
			name = HomeWorkLesson2.7;
			productName = HomeWorkLesson2.7;
			productReference = 43A84C43279A972D00EDBAC6 /* HomeWorkLesson2.7.app */;
			productType = "com.apple.product-type.application";
		};
/* End PBXNativeTarget section */

/* Begin PBXProject section */
		43A84C3B279A972C00EDBAC6 /* Project object */ = {
			isa = PBXProject;
			attributes = {
				BuildIndependentTargetsInParallel = 1;
				LastSwiftUpdateCheck = 1320;
				LastUpgradeCheck = 1320;
				TargetAttributes = {
					43A84C42279A972C00EDBAC6 = {
						CreatedOnToolsVersion = 13.2.1;
					};
				};
			};
			buildConfigurationList = 43A84C3E279A972C00EDBAC6 /* Build configuration list for PBXProject "HomeWorkLesson2.7" */;
			compatibilityVersion = "Xcode 13.0";
			developmentRegion = en;
			hasScannedForEncodings = 0;
			knownRegions = (
				en,
				Base,
			);
			mainGroup = 43A84C3A279A972C00EDBAC6;
			productRefGroup = 43A84C44279A972D00EDBAC6 /* Products */;
			projectDirPath = "";
			projectRoot = "";
			targets = (
				43A84C42279A972C00EDBAC6 /* HomeWorkLesson2.7 */,
			);
		};
/* End PBXProject section */

/* Begin PBXResourcesBuildPhase section */
		43A84C41279A972C00EDBAC6 /* Resources */ = {
			isa = PBXResourcesBuildPhase;
			buildActionMask = 2147483647;
			files = (
				43A84C53279A972F00EDBAC6 /* LaunchScreen.storyboard in Resources */,
				43A84C50279A972F00EDBAC6 /* Assets.xcassets in Resources */,
				43A84C4E279A972D00EDBAC6 /* Main.storyboard in Resources */,
			);
			runOnlyForDeploymentPostprocessing = 0;
		};
/* End PBXResourcesBuildPhase section */

/* Begin PBXSourcesBuildPhase section */
		43A84C3F279A972C00EDBAC6 /* Sources */ = {
			isa = PBXSourcesBuildPhase;
			buildActionMask = 2147483647;
			files = (
				43A84C5D279AA1AB00EDBAC6 /* Person.swift in Sources */,
				43A84C5F279AA1CC00EDBAC6 /* DataManager.swift in Sources */,
				43A84C4B279A972D00EDBAC6 /* ViewController.swift in Sources */,
				43A84C66279B22C100EDBAC6 /* ContactDetailViewController.swift in Sources */,
				43A84C5B279A982100EDBAC6 /* ContactListViewController.swift in Sources */,
				43A84C47279A972D00EDBAC6 /* AppDelegate.swift in Sources */,
				43A84C49279A972D00EDBAC6 /* SceneDelegate.swift in Sources */,
			);
			runOnlyForDeploymentPostprocessing = 0;
		};
/* End PBXSourcesBuildPhase section */

/* Begin PBXVariantGroup section */
		43A84C4C279A972D00EDBAC6 /* Main.storyboard */ = {
			isa = PBXVariantGroup;
			children = (
				43A84C4D279A972D00EDBAC6 /* Base */,
			);
			name = Main.storyboard;
			sourceTree = "<group>";
		};
		43A84C51279A972F00EDBAC6 /* LaunchScreen.storyboard */ = {
			isa = PBXVariantGroup;
			children = (
				43A84C52279A972F00EDBAC6 /* Base */,
			);
			name = LaunchScreen.storyboard;
			sourceTree = "<group>";
		};
/* End PBXVariantGroup section */

/* Begin XCBuildConfiguration section */
		43A84C55279A972F00EDBAC6 /* Debug */ = {
			isa = XCBuildConfiguration;
			buildSettings = {
				ALWAYS_SEARCH_USER_PATHS = NO;
				CLANG_ANALYZER_NONNULL = YES;
				CLANG_ANALYZER_NUMBER_OBJECT_CONVERSION = YES_AGGRESSIVE;
				CLANG_CXX_LANGUAGE_STANDARD = "gnu++17";
				CLANG_CXX_LIBRARY = "libc++";
				CLANG_ENABLE_MODULES = YES;
				CLANG_ENABLE_OBJC_ARC = YES;
				CLANG_ENABLE_OBJC_WEAK = YES;
				CLANG_WARN_BLOCK_CAPTURE_AUTORELEASING = YES;
				CLANG_WARN_BOOL_CONVERSION = YES;
				CLANG_WARN_COMMA = YES;
				CLANG_WARN_CONSTANT_CONVERSION = YES;
				CLANG_WARN_DEPRECATED_OBJC_IMPLEMENTATIONS = YES;
				CLANG_WARN_DIRECT_OBJC_ISA_USAGE = YES_ERROR;
				CLANG_WARN_DOCUMENTATION_COMMENTS = YES;
				CLANG_WARN_EMPTY_BODY = YES;
				CLANG_WARN_ENUM_CONVERSION = YES;
				CLANG_WARN_INFINITE_RECURSION = YES;
				CLANG_WARN_INT_CONVERSION = YES;
				CLANG_WARN_NON_LITERAL_NULL_CONVERSION = YES;
				CLANG_WARN_OBJC_IMPLICIT_RETAIN_SELF = YES;
				CLANG_WARN_OBJC_LITERAL_CONVERSION = YES;
				CLANG_WARN_OBJC_ROOT_CLASS = YES_ERROR;
				CLANG_WARN_QUOTED_INCLUDE_IN_FRAMEWORK_HEADER = YES;
				CLANG_WARN_RANGE_LOOP_ANALYSIS = YES;
				CLANG_WARN_STRICT_PROTOTYPES = YES;
				CLANG_WARN_SUSPICIOUS_MOVE = YES;
				CLANG_WARN_UNGUARDED_AVAILABILITY = YES_AGGRESSIVE;
				CLANG_WARN_UNREACHABLE_CODE = YES;
				CLANG_WARN__DUPLICATE_METHOD_MATCH = YES;
				COPY_PHASE_STRIP = NO;
				DEBUG_INFORMATION_FORMAT = dwarf;
				ENABLE_STRICT_OBJC_MSGSEND = YES;
				ENABLE_TESTABILITY = YES;
				GCC_C_LANGUAGE_STANDARD = gnu11;
				GCC_DYNAMIC_NO_PIC = NO;
				GCC_NO_COMMON_BLOCKS = YES;
				GCC_OPTIMIZATION_LEVEL = 0;
				GCC_PREPROCESSOR_DEFINITIONS = (
					"DEBUG=1",
					"$(inherited)",
				);
				GCC_WARN_64_TO_32_BIT_CONVERSION = YES;
				GCC_WARN_ABOUT_RETURN_TYPE = YES_ERROR;
				GCC_WARN_UNDECLARED_SELECTOR = YES;
				GCC_WARN_UNINITIALIZED_AUTOS = YES_AGGRESSIVE;
				GCC_WARN_UNUSED_FUNCTION = YES;
				GCC_WARN_UNUSED_VARIABLE = YES;
				IPHONEOS_DEPLOYMENT_TARGET = 15.2;
				MTL_ENABLE_DEBUG_INFO = INCLUDE_SOURCE;
				MTL_FAST_MATH = YES;
				ONLY_ACTIVE_ARCH = YES;
				SDKROOT = iphoneos;
				SWIFT_ACTIVE_COMPILATION_CONDITIONS = DEBUG;
				SWIFT_OPTIMIZATION_LEVEL = "-Onone";
			};
			name = Debug;
		};
		43A84C56279A972F00EDBAC6 /* Release */ = {
			isa = XCBuildConfiguration;
			buildSettings = {
				ALWAYS_SEARCH_USER_PATHS = NO;
				CLANG_ANALYZER_NONNULL = YES;
				CLANG_ANALYZER_NUMBER_OBJECT_CONVERSION = YES_AGGRESSIVE;
				CLANG_CXX_LANGUAGE_STANDARD = "gnu++17";
				CLANG_CXX_LIBRARY = "libc++";
				CLANG_ENABLE_MODULES = YES;
				CLANG_ENABLE_OBJC_ARC = YES;
				CLANG_ENABLE_OBJC_WEAK = YES;
				CLANG_WARN_BLOCK_CAPTURE_AUTORELEASING = YES;
				CLANG_WARN_BOOL_CONVERSION = YES;
				CLANG_WARN_COMMA = YES;
				CLANG_WARN_CONSTANT_CONVERSION = YES;
				CLANG_WARN_DEPRECATED_OBJC_IMPLEMENTATIONS = YES;
				CLANG_WARN_DIRECT_OBJC_ISA_USAGE = YES_ERROR;
				CLANG_WARN_DOCUMENTATION_COMMENTS = YES;
				CLANG_WARN_EMPTY_BODY = YES;
				CLANG_WARN_ENUM_CONVERSION = YES;
				CLANG_WARN_INFINITE_RECURSION = YES;
				CLANG_WARN_INT_CONVERSION = YES;
				CLANG_WARN_NON_LITERAL_NULL_CONVERSION = YES;
				CLANG_WARN_OBJC_IMPLICIT_RETAIN_SELF = YES;
				CLANG_WARN_OBJC_LITERAL_CONVERSION = YES;
				CLANG_WARN_OBJC_ROOT_CLASS = YES_ERROR;
				CLANG_WARN_QUOTED_INCLUDE_IN_FRAMEWORK_HEADER = YES;
				CLANG_WARN_RANGE_LOOP_ANALYSIS = YES;
				CLANG_WARN_STRICT_PROTOTYPES = YES;
				CLANG_WARN_SUSPICIOUS_MOVE = YES;
				CLANG_WARN_UNGUARDED_AVAILABILITY = YES_AGGRESSIVE;
				CLANG_WARN_UNREACHABLE_CODE = YES;
				CLANG_WARN__DUPLICATE_METHOD_MATCH = YES;
				COPY_PHASE_STRIP = NO;
				DEBUG_INFORMATION_FORMAT = "dwarf-with-dsym";
				ENABLE_NS_ASSERTIONS = NO;
				ENABLE_STRICT_OBJC_MSGSEND = YES;
				GCC_C_LANGUAGE_STANDARD = gnu11;
				GCC_NO_COMMON_BLOCKS = YES;
				GCC_WARN_64_TO_32_BIT_CONVERSION = YES;
				GCC_WARN_ABOUT_RETURN_TYPE = YES_ERROR;
				GCC_WARN_UNDECLARED_SELECTOR = YES;
				GCC_WARN_UNINITIALIZED_AUTOS = YES_AGGRESSIVE;
				GCC_WARN_UNUSED_FUNCTION = YES;
				GCC_WARN_UNUSED_VARIABLE = YES;
				IPHONEOS_DEPLOYMENT_TARGET = 15.2;
				MTL_ENABLE_DEBUG_INFO = NO;
				MTL_FAST_MATH = YES;
				SDKROOT = iphoneos;
				SWIFT_COMPILATION_MODE = wholemodule;
				SWIFT_OPTIMIZATION_LEVEL = "-O";
				VALIDATE_PRODUCT = YES;
			};
			name = Release;
		};
		43A84C58279A972F00EDBAC6 /* Debug */ = {
			isa = XCBuildConfiguration;
			buildSettings = {
				ASSETCATALOG_COMPILER_APPICON_NAME = AppIcon;
				ASSETCATALOG_COMPILER_GLOBAL_ACCENT_COLOR_NAME = AccentColor;
				CODE_SIGN_STYLE = Automatic;
				CURRENT_PROJECT_VERSION = 1;
				DEVELOPMENT_TEAM = Q5RV2AMVQ8;
				GENERATE_INFOPLIST_FILE = YES;
				INFOPLIST_FILE = HomeWorkLesson2.7/App/Info.plist;
				INFOPLIST_KEY_UIApplicationSupportsIndirectInputEvents = YES;
				INFOPLIST_KEY_UILaunchStoryboardName = LaunchScreen;
				INFOPLIST_KEY_UIMainStoryboardFile = Main;
				INFOPLIST_KEY_UISupportedInterfaceOrientations_iPad = "UIInterfaceOrientationPortrait UIInterfaceOrientationPortraitUpsideDown UIInterfaceOrientationLandscapeLeft UIInterfaceOrientationLandscapeRight";
				INFOPLIST_KEY_UISupportedInterfaceOrientations_iPhone = "UIInterfaceOrientationPortrait UIInterfaceOrientationLandscapeLeft UIInterfaceOrientationLandscapeRight";
				LD_RUNPATH_SEARCH_PATHS = (
					"$(inherited)",
					"@executable_path/Frameworks",
				);
				MARKETING_VERSION = 1.0;
				PRODUCT_BUNDLE_IDENTIFIER = "Bogdan.HomeWorkLesson2-7";
				PRODUCT_NAME = "$(TARGET_NAME)";
				SWIFT_EMIT_LOC_STRINGS = YES;
				SWIFT_VERSION = 5.0;
				TARGETED_DEVICE_FAMILY = "1,2";
			};
			name = Debug;
		};
		43A84C59279A972F00EDBAC6 /* Release */ = {
			isa = XCBuildConfiguration;
			buildSettings = {
				ASSETCATALOG_COMPILER_APPICON_NAME = AppIcon;
				ASSETCATALOG_COMPILER_GLOBAL_ACCENT_COLOR_NAME = AccentColor;
				CODE_SIGN_STYLE = Automatic;
				CURRENT_PROJECT_VERSION = 1;
				DEVELOPMENT_TEAM = Q5RV2AMVQ8;
				GENERATE_INFOPLIST_FILE = YES;
				INFOPLIST_FILE = HomeWorkLesson2.7/App/Info.plist;
				INFOPLIST_KEY_UIApplicationSupportsIndirectInputEvents = YES;
				INFOPLIST_KEY_UILaunchStoryboardName = LaunchScreen;
				INFOPLIST_KEY_UIMainStoryboardFile = Main;
				INFOPLIST_KEY_UISupportedInterfaceOrientations_iPad = "UIInterfaceOrientationPortrait UIInterfaceOrientationPortraitUpsideDown UIInterfaceOrientationLandscapeLeft UIInterfaceOrientationLandscapeRight";
				INFOPLIST_KEY_UISupportedInterfaceOrientations_iPhone = "UIInterfaceOrientationPortrait UIInterfaceOrientationLandscapeLeft UIInterfaceOrientationLandscapeRight";
				LD_RUNPATH_SEARCH_PATHS = (
					"$(inherited)",
					"@executable_path/Frameworks",
				);
				MARKETING_VERSION = 1.0;
				PRODUCT_BUNDLE_IDENTIFIER = "Bogdan.HomeWorkLesson2-7";
				PRODUCT_NAME = "$(TARGET_NAME)";
				SWIFT_EMIT_LOC_STRINGS = YES;
				SWIFT_VERSION = 5.0;
				TARGETED_DEVICE_FAMILY = "1,2";
			};
			name = Release;
		};
/* End XCBuildConfiguration section */

/* Begin XCConfigurationList section */
		43A84C3E279A972C00EDBAC6 /* Build configuration list for PBXProject "HomeWorkLesson2.7" */ = {
			isa = XCConfigurationList;
			buildConfigurations = (
				43A84C55279A972F00EDBAC6 /* Debug */,
				43A84C56279A972F00EDBAC6 /* Release */,
			);
			defaultConfigurationIsVisible = 0;
			defaultConfigurationName = Release;
		};
		43A84C57279A972F00EDBAC6 /* Build configuration list for PBXNativeTarget "HomeWorkLesson2.7" */ = {
			isa = XCConfigurationList;
			buildConfigurations = (
				43A84C58279A972F00EDBAC6 /* Debug */,
				43A84C59279A972F00EDBAC6 /* Release */,
			);
			defaultConfigurationIsVisible = 0;
			defaultConfigurationName = Release;
		};
/* End XCConfigurationList section */
	};
	rootObject = 43A84C3B279A972C00EDBAC6 /* Project object */;
}
